{
  "originHash" : "abde62d2b3972ce3f235d61e2624e150f02d2d50a53995a9bad0034307dae7cd",
  "pins" : [
    {
      "identity" : "sweetcookiekit",
      "kind" : "remoteSourceControl",
      "location" : "https://github.com/steipete/SweetCookieKit.git",
      "state" : {
        "revision" : "21bedea672a3e63ccad24d744051e76cdf0462dd",
        "version" : "0.4.1"
      }
    }
  ],
  "version" : 3
}
